
Microsoft Visual Studio Solution File, Format Version 12.00
# Visual Studio Version 16
VisualStudioVersion = 16.0.30626.31
MinimumVisualStudioVersion = 10.0.40219.1
Project("{9A19103F-16F7-4668-BE54-9A1E7A4F7556}") = "App", "App\App.csproj", "{D458D22B-6D57-4061-BD3E-AC9D1441BD7E}"
EndProject
Project("{2150E333-8FDC-42A3-9474-1A3956D46DE8}") = "Solution Files", "Solution Files", "{F1F569CD-8A08-44EB-962E-478106B32617}"
	ProjectSection(SolutionItems) = preProject
		.gitattributes = .gitattributes
		.gitignore = .gitignore
	EndProjectSection
EndProject
Global
	GlobalSection(SolutionConfigurationPlatforms) = preSolution
		Debug|Any CPU = Debug|Any CPU
		Release|Any CPU = Release|Any CPU
	EndGlobalSection
	GlobalSection(ProjectConfigurationPlatforms) = postSolution
		{D458D22B-6D57-4061-BD3E-AC9D1441BD7E}.Debug|Any CPU.ActiveCfg = Debug|Any CPU
		{D458D22B-6D57-4061-BD3E-AC9D1441BD7E}.Debug|Any CPU.Build.0 = Debug|Any CPU
		{D458D22B-6D57-4061-BD3E-AC9D1441BD7E}.Release|Any CPU.ActiveCfg = Release|Any CPU
		{D458D22B-6D57-4061-BD3E-AC9D1441BD7E}.Release|Any CPU.Build.0 = Release|Any CPU
	EndGlobalSection
	GlobalSection(SolutionProperties) = preSolution
		HideSolutionNode = FALSE
	EndGlobalSection
	GlobalSection(ExtensibilityGlobals) = postSolution
		SolutionGuid = {D129EB81-F030-4092-9670-42A393B09381}
	EndGlobalSection
EndGlobal
