
Microsoft Visual Studio Solution File, Format Version 12.00
# Visual Studio Version 16
VisualStudioVersion = 16.0.30626.31
MinimumVisualStudioVersion = 10.0.40219.1
Project("{9A19103F-16F7-4668-BE54-9A1E7A4F7556}") = "App", "App\App.csproj", "{D458D22B-6D57-4061-BD3E-AC9D1441BD7E}"
EndProject
Project("{2150E333-8FDC-42A3-9474-1A3956D46DE8}") = "Git Configuration", "Git Configuration", "{F1F569CD-8A08-44EB-962E-478106B32617}"
	ProjectSection(SolutionItems) = preProject
		.gitattributes = .gitattributes
		.gitignore = .gitignore
		.gitmodules = .gitmodules
	EndProjectSection
EndProject
Project("{9A19103F-16F7-4668-BE54-9A1E7A4F7556}") = "Nrrdio.Utilities.Web", "Nrrdio.Utilities\Nrrdio.Utilities.Web\Nrrdio.Utilities.Web.csproj", "{69BFAB38-756C-4D90-934D-30494972CBE4}"
EndProject
Project("{9A19103F-16F7-4668-BE54-9A1E7A4F7556}") = "Nrrdio.Utilities", "Nrrdio.Utilities\Nrrdio.Utilities\Nrrdio.Utilities.csproj", "{CB2B0043-8C28-457E-B5D1-7297A7CDC72E}"
EndProject
Project("{9A19103F-16F7-4668-BE54-9A1E7A4F7556}") = "Nrrdio.YnabClient", "YnabFeeder\Nrrdio.YnabClient\Nrrdio.YnabClient.csproj", "{07828C8B-E6A9-4EEF-8DF2-31088DB3D5B5}"
EndProject
Project("{9A19103F-16F7-4668-BE54-9A1E7A4F7556}") = "libfintx", "libfintx\src\libfintx\libfintx.csproj", "{44AB8398-C825-4447-A364-DDAF552E8F7F}"
EndProject
Project("{9A19103F-16F7-4668-BE54-9A1E7A4F7556}") = "YNAB.SDK", "ynab-sdk-dotnetcore\YNAB.SDK\YNAB.SDK.csproj", "{87D42ECF-093D-4CF2-BF1D-E154B2A9CDDC}"
EndProject
Project("{9A19103F-16F7-4668-BE54-9A1E7A4F7556}") = "Nrrdio.YnabConsole", "YnabFeeder\Nrrdio.YnabConsole\Nrrdio.YnabConsole.csproj", "{AD9AF328-CEF8-42A6-B88E-FFA38EF8E037}"
EndProject
Global
	GlobalSection(SolutionConfigurationPlatforms) = preSolution
		Debug|Any CPU = Debug|Any CPU
		Release|Any CPU = Release|Any CPU
	EndGlobalSection
	GlobalSection(ProjectConfigurationPlatforms) = postSolution
		{D458D22B-6D57-4061-BD3E-AC9D1441BD7E}.Debug|Any CPU.ActiveCfg = Debug|Any CPU
		{D458D22B-6D57-4061-BD3E-AC9D1441BD7E}.Debug|Any CPU.Build.0 = Debug|Any CPU
		{D458D22B-6D57-4061-BD3E-AC9D1441BD7E}.Release|Any CPU.ActiveCfg = Release|Any CPU
		{D458D22B-6D57-4061-BD3E-AC9D1441BD7E}.Release|Any CPU.Build.0 = Release|Any CPU
		{69BFAB38-756C-4D90-934D-30494972CBE4}.Debug|Any CPU.ActiveCfg = Debug|Any CPU
		{69BFAB38-756C-4D90-934D-30494972CBE4}.Debug|Any CPU.Build.0 = Debug|Any CPU
		{69BFAB38-756C-4D90-934D-30494972CBE4}.Release|Any CPU.ActiveCfg = Release|Any CPU
		{69BFAB38-756C-4D90-934D-30494972CBE4}.Release|Any CPU.Build.0 = Release|Any CPU
		{CB2B0043-8C28-457E-B5D1-7297A7CDC72E}.Debug|Any CPU.ActiveCfg = Debug|Any CPU
		{CB2B0043-8C28-457E-B5D1-7297A7CDC72E}.Debug|Any CPU.Build.0 = Debug|Any CPU
		{CB2B0043-8C28-457E-B5D1-7297A7CDC72E}.Release|Any CPU.ActiveCfg = Release|Any CPU
		{CB2B0043-8C28-457E-B5D1-7297A7CDC72E}.Release|Any CPU.Build.0 = Release|Any CPU
		{07828C8B-E6A9-4EEF-8DF2-31088DB3D5B5}.Debug|Any CPU.ActiveCfg = Debug|Any CPU
		{07828C8B-E6A9-4EEF-8DF2-31088DB3D5B5}.Debug|Any CPU.Build.0 = Debug|Any CPU
		{07828C8B-E6A9-4EEF-8DF2-31088DB3D5B5}.Release|Any CPU.ActiveCfg = Release|Any CPU
		{07828C8B-E6A9-4EEF-8DF2-31088DB3D5B5}.Release|Any CPU.Build.0 = Release|Any CPU
		{44AB8398-C825-4447-A364-DDAF552E8F7F}.Debug|Any CPU.ActiveCfg = Debug|Any CPU
		{44AB8398-C825-4447-A364-DDAF552E8F7F}.Debug|Any CPU.Build.0 = Debug|Any CPU
		{44AB8398-C825-4447-A364-DDAF552E8F7F}.Release|Any CPU.ActiveCfg = Release|Any CPU
		{44AB8398-C825-4447-A364-DDAF552E8F7F}.Release|Any CPU.Build.0 = Release|Any CPU
		{87D42ECF-093D-4CF2-BF1D-E154B2A9CDDC}.Debug|Any CPU.ActiveCfg = Debug|Any CPU
		{87D42ECF-093D-4CF2-BF1D-E154B2A9CDDC}.Debug|Any CPU.Build.0 = Debug|Any CPU
		{87D42ECF-093D-4CF2-BF1D-E154B2A9CDDC}.Release|Any CPU.ActiveCfg = Release|Any CPU
		{87D42ECF-093D-4CF2-BF1D-E154B2A9CDDC}.Release|Any CPU.Build.0 = Release|Any CPU
		{AD9AF328-CEF8-42A6-B88E-FFA38EF8E037}.Debug|Any CPU.ActiveCfg = Debug|Any CPU
		{AD9AF328-CEF8-42A6-B88E-FFA38EF8E037}.Debug|Any CPU.Build.0 = Debug|Any CPU
		{AD9AF328-CEF8-42A6-B88E-FFA38EF8E037}.Release|Any CPU.ActiveCfg = Release|Any CPU
		{AD9AF328-CEF8-42A6-B88E-FFA38EF8E037}.Release|Any CPU.Build.0 = Release|Any CPU
	EndGlobalSection
	GlobalSection(SolutionProperties) = preSolution
		HideSolutionNode = FALSE
	EndGlobalSection
	GlobalSection(ExtensibilityGlobals) = postSolution
		SolutionGuid = {D129EB81-F030-4092-9670-42A393B09381}
	EndGlobalSection
EndGlobal
